<?xml version="1.0" encoding="utf-8"?>
<Project ToolsVersion="4.0" xmlns="http://schemas.microsoft.com/developer/msbuild/2003">
  <ItemGroup>
    <ClInclude Include="BasicLibTime.h">
      <Filter>Header Files</Filter>
    </ClInclude>
    <ClInclude Include="BasicLibTypes.h">
      <Filter>Header Files</Filter>
    </ClInclude>
    <ClInclude Include="BasicLibString.h">
      <Filter>Header Files</Filter>
    </ClInclude>
    <ClInclude Include="BasicLibRandom.h">
      <Filter>Header Files</Filter>
    </ClInclude>
    <ClInclude Include="BasicLibLogger.h">
      <Filter>Header Files</Filter>
    </ClInclude>
    <ClInclude Include="BasicLibFunctions.h">
      <Filter>Header Files</Filter>
    </ClInclude>
    <ClInclude Include="BasicLib.h">
      <Filter>Header Files</Filter>
    </ClInclude>
  </ItemGroup>
  <ItemGroup>
    <Filter Include="Header Files">
      <UniqueIdentifier>{c5665fbf-5d82-40c8-a5b7-9a273d4dd0b0}</UniqueIdentifier>
    </Filter>
    <Filter Include="Source Files">
      <UniqueIdentifier>{1f021bf9-fe8a-4b36-acf2-75b1608fe206}</UniqueIdentifier>
    </Filter>
  </ItemGroup>
  <ItemGroup>
    <ClCompile Include="BasicLibRandom.cpp">
      <Filter>Source Files</Filter>
    </ClCompile>
    <ClCompile Include="BasicLibString.cpp">
      <Filter>Source Files</Filter>
    </ClCompile>
    <ClCompile Include="BasicLibTime.cpp">
      <Filter>Source Files</Filter>
    </ClCompile>
  </ItemGroup>
</Project>